
Microsoft Visual Studio Solution File, Format Version 12.00
# Visual Studio Version 17
VisualStudioVersion = 17.0.32014.148
MinimumVisualStudioVersion = 10.0.40219.1
Project("{FAE04EC0-301F-11D3-BF4B-00C04F79EFBC}") = "WebPostgreSQL", "WebPostgreSQL\WebPostgreSQL.csproj", "{49031D97-BDD8-40E9-ADD7-803FBB649F81}"
EndProject
Global
	GlobalSection(SolutionConfigurationPlatforms) = preSolution
		Debug|Any CPU = Debug|Any CPU
		Release|Any CPU = Release|Any CPU
	EndGlobalSection
	GlobalSection(ProjectConfigurationPlatforms) = postSolution
		{49031D97-BDD8-40E9-ADD7-803FBB649F81}.Debug|Any CPU.ActiveCfg = Debug|Any CPU
		{49031D97-BDD8-40E9-ADD7-803FBB649F81}.Debug|Any CPU.Build.0 = Debug|Any CPU
		{49031D97-BDD8-40E9-ADD7-803FBB649F81}.Release|Any CPU.ActiveCfg = Release|Any CPU
		{49031D97-BDD8-40E9-ADD7-803FBB649F81}.Release|Any CPU.Build.0 = Release|Any CPU
	EndGlobalSection
	GlobalSection(SolutionProperties) = preSolution
		HideSolutionNode = FALSE
	EndGlobalSection
	GlobalSection(ExtensibilityGlobals) = postSolution
		SolutionGuid = {7D2E24C1-880A-41FC-A456-A58E3839C411}
	EndGlobalSection
EndGlobal
